
Microsoft Visual Studio Solution File, Format Version 12.00
# Visual Studio Version 17
VisualStudioVersion = 17.0.31903.59
MinimumVisualStudioVersion = 10.0.40219.1
Project("{FAE04EC0-301F-11D3-BF4B-00C04F79EFBC}") = "Api", "Api\Api.csproj", "{8A5B898E-2F4D-4842-89AE-B9C6BD305EE3}"
EndProject
Project("{FAE04EC0-301F-11D3-BF4B-00C04F79EFBC}") = "Services", "Services\Services.csproj", "{0BF0FF8D-AA70-4DAB-8646-18A12F92FC78}"
EndProject
Project("{FAE04EC0-301F-11D3-BF4B-00C04F79EFBC}") = "Domain", "Domain\Domain.csproj", "{B8424810-98C0-4F30-9A44-D34132786BB5}"
EndProject
Project("{FAE04EC0-301F-11D3-BF4B-00C04F79EFBC}") = "DataAccess", "DataAccess\DataAccess.csproj", "{AC4052CD-9802-4804-98B4-A5509DA1AEFD}"
EndProject
Global
	GlobalSection(SolutionConfigurationPlatforms) = preSolution
		Debug|Any CPU = Debug|Any CPU
		Release|Any CPU = Release|Any CPU
	EndGlobalSection
	GlobalSection(SolutionProperties) = preSolution
		HideSolutionNode = FALSE
	EndGlobalSection
	GlobalSection(ProjectConfigurationPlatforms) = postSolution
		{8A5B898E-2F4D-4842-89AE-B9C6BD305EE3}.Debug|Any CPU.ActiveCfg = Debug|Any CPU
		{8A5B898E-2F4D-4842-89AE-B9C6BD305EE3}.Debug|Any CPU.Build.0 = Debug|Any CPU
		{8A5B898E-2F4D-4842-89AE-B9C6BD305EE3}.Release|Any CPU.ActiveCfg = Release|Any CPU
		{8A5B898E-2F4D-4842-89AE-B9C6BD305EE3}.Release|Any CPU.Build.0 = Release|Any CPU
		{0BF0FF8D-AA70-4DAB-8646-18A12F92FC78}.Debug|Any CPU.ActiveCfg = Debug|Any CPU
		{0BF0FF8D-AA70-4DAB-8646-18A12F92FC78}.Debug|Any CPU.Build.0 = Debug|Any CPU
		{0BF0FF8D-AA70-4DAB-8646-18A12F92FC78}.Release|Any CPU.ActiveCfg = Release|Any CPU
		{0BF0FF8D-AA70-4DAB-8646-18A12F92FC78}.Release|Any CPU.Build.0 = Release|Any CPU
		{B8424810-98C0-4F30-9A44-D34132786BB5}.Debug|Any CPU.ActiveCfg = Debug|Any CPU
		{B8424810-98C0-4F30-9A44-D34132786BB5}.Debug|Any CPU.Build.0 = Debug|Any CPU
		{B8424810-98C0-4F30-9A44-D34132786BB5}.Release|Any CPU.ActiveCfg = Release|Any CPU
		{B8424810-98C0-4F30-9A44-D34132786BB5}.Release|Any CPU.Build.0 = Release|Any CPU
		{AC4052CD-9802-4804-98B4-A5509DA1AEFD}.Debug|Any CPU.ActiveCfg = Debug|Any CPU
		{AC4052CD-9802-4804-98B4-A5509DA1AEFD}.Debug|Any CPU.Build.0 = Debug|Any CPU
		{AC4052CD-9802-4804-98B4-A5509DA1AEFD}.Release|Any CPU.ActiveCfg = Release|Any CPU
		{AC4052CD-9802-4804-98B4-A5509DA1AEFD}.Release|Any CPU.Build.0 = Release|Any CPU
	EndGlobalSection
EndGlobal
